
Microsoft Visual Studio Solution File, Format Version 11.00
# Visual C# Express 2010
Project("{FAE04EC0-301F-11D3-BF4B-00C04F79EFBC}") = "ConsoleApplication1", "ConsoleApplication1\ConsoleApplication1.csproj", "{51B02EC4-78D0-428C-868C-0BC8B86EBBF8}"
EndProject
Global
	GlobalSection(SolutionConfigurationPlatforms) = preSolution
		Debug|x86 = Debug|x86
		Release|x86 = Release|x86
	EndGlobalSection
	GlobalSection(ProjectConfigurationPlatforms) = postSolution
		{51B02EC4-78D0-428C-868C-0BC8B86EBBF8}.Debug|x86.ActiveCfg = Debug|x86
		{51B02EC4-78D0-428C-868C-0BC8B86EBBF8}.Debug|x86.Build.0 = Debug|x86
		{51B02EC4-78D0-428C-868C-0BC8B86EBBF8}.Release|x86.ActiveCfg = Release|x86
		{51B02EC4-78D0-428C-868C-0BC8B86EBBF8}.Release|x86.Build.0 = Release|x86
	EndGlobalSection
	GlobalSection(SolutionProperties) = preSolution
		HideSolutionNode = FALSE
	EndGlobalSection
EndGlobal
